// !$*UTF8*$!
{
	archiveVersion = 1;
	classes = {
	};
	objectVersion = 48;
	objects = {

/* Begin PBXBuildFile section */
		561467C176174FC209F57910 /* Pods_WeatherApp.framework in Frameworks */ = {isa = PBXBuildFile; fileRef = 7FC63FC0BAD2B4FE0E9D1F4D /* Pods_WeatherApp.framework */; };
		9E33EB691FD710AC00FE3DBD /* AppDelegate.swift in Sources */ = {isa = PBXBuildFile; fileRef = 9E33EB681FD710AC00FE3DBD /* AppDelegate.swift */; };
		9E33EB6B1FD710AC00FE3DBD /* ViewController.swift in Sources */ = {isa = PBXBuildFile; fileRef = 9E33EB6A1FD710AC00FE3DBD /* ViewController.swift */; };
		9E33EB6E1FD710AC00FE3DBD /* Main.storyboard in Resources */ = {isa = PBXBuildFile; fileRef = 9E33EB6C1FD710AC00FE3DBD /* Main.storyboard */; };
		9E33EB701FD710AC00FE3DBD /* Assets.xcassets in Resources */ = {isa = PBXBuildFile; fileRef = 9E33EB6F1FD710AC00FE3DBD /* Assets.xcassets */; };
		9E33EB731FD710AC00FE3DBD /* LaunchScreen.storyboard in Resources */ = {isa = PBXBuildFile; fileRef = 9E33EB711FD710AC00FE3DBD /* LaunchScreen.storyboard */; };
		9E33EB7E1FD710AC00FE3DBD /* WeatherAppTests.swift in Sources */ = {isa = PBXBuildFile; fileRef = 9E33EB7D1FD710AC00FE3DBD /* WeatherAppTests.swift */; };
		9E33EB891FD710AC00FE3DBD /* WeatherAppUITests.swift in Sources */ = {isa = PBXBuildFile; fileRef = 9E33EB881FD710AC00FE3DBD /* WeatherAppUITests.swift */; };
		9E33EB981FD7158400FE3DBD /* UserLocation.swift in Sources */ = {isa = PBXBuildFile; fileRef = 9E33EB971FD7158400FE3DBD /* UserLocation.swift */; };
		9E33EB9C1FD718AD00FE3DBD /* Constants.swift in Sources */ = {isa = PBXBuildFile; fileRef = 9E33EB9B1FD718AD00FE3DBD /* Constants.swift */; };
		9E33EB9F1FD7270F00FE3DBD /* Tempertaure.swift in Sources */ = {isa = PBXBuildFile; fileRef = 9E33EB9E1FD7270F00FE3DBD /* Tempertaure.swift */; };
/* End PBXBuildFile section */

/* Begin PBXContainerItemProxy section */
		9E33EB7A1FD710AC00FE3DBD /* PBXContainerItemProxy */ = {
			isa = PBXContainerItemProxy;
			containerPortal = 9E33EB5D1FD710AC00FE3DBD /* Project object */;
			proxyType = 1;
			remoteGlobalIDString = 9E33EB641FD710AC00FE3DBD;
			remoteInfo = WeatherApp;
		};
		9E33EB851FD710AC00FE3DBD /* PBXContainerItemProxy */ = {
			isa = PBXContainerItemProxy;
			containerPortal = 9E33EB5D1FD710AC00FE3DBD /* Project object */;
			proxyType = 1;
			remoteGlobalIDString = 9E33EB641FD710AC00FE3DBD;
			remoteInfo = WeatherApp;
		};
/* End PBXContainerItemProxy section */

/* Begin PBXFileReference section */
		33F5DC9083E875F8A62A2374 /* Pods-WeatherApp.debug.xcconfig */ = {isa = PBXFileReference; includeInIndex = 1; lastKnownFileType = text.xcconfig; name = "Pods-WeatherApp.debug.xcconfig"; path = "Pods/Target Support Files/Pods-WeatherApp/Pods-WeatherApp.debug.xcconfig"; sourceTree = "<group>"; };
		6CC72F24E594C6E386F2DAC6 /* Pods-WeatherApp.release.xcconfig */ = {isa = PBXFileReference; includeInIndex = 1; lastKnownFileType = text.xcconfig; name = "Pods-WeatherApp.release.xcconfig"; path = "Pods/Target Support Files/Pods-WeatherApp/Pods-WeatherApp.release.xcconfig"; sourceTree = "<group>"; };
		7FC63FC0BAD2B4FE0E9D1F4D /* Pods_WeatherApp.framework */ = {isa = PBXFileReference; explicitFileType = wrapper.framework; includeInIndex = 0; path = Pods_WeatherApp.framework; sourceTree = BUILT_PRODUCTS_DIR; };
		9E33EB651FD710AC00FE3DBD /* WeatherApp.app */ = {isa = PBXFileReference; explicitFileType = wrapper.application; includeInIndex = 0; path = WeatherApp.app; sourceTree = BUILT_PRODUCTS_DIR; };
		9E33EB681FD710AC00FE3DBD /* AppDelegate.swift */ = {isa = PBXFileReference; lastKnownFileType = sourcecode.swift; path = AppDelegate.swift; sourceTree = "<group>"; };
		9E33EB6A1FD710AC00FE3DBD /* ViewController.swift */ = {isa = PBXFileReference; lastKnownFileType = sourcecode.swift; path = ViewController.swift; sourceTree = "<group>"; };
		9E33EB6D1FD710AC00FE3DBD /* Base */ = {isa = PBXFileReference; lastKnownFileType = file.storyboard; name = Base; path = Base.lproj/Main.storyboard; sourceTree = "<group>"; };
		9E33EB6F1FD710AC00FE3DBD /* Assets.xcassets */ = {isa = PBXFileReference; lastKnownFileType = folder.assetcatalog; path = Assets.xcassets; sourceTree = "<group>"; };
		9E33EB721FD710AC00FE3DBD /* Base */ = {isa = PBXFileReference; lastKnownFileType = file.storyboard; name = Base; path = Base.lproj/LaunchScreen.storyboard; sourceTree = "<group>"; };
		9E33EB741FD710AC00FE3DBD /* Info.plist */ = {isa = PBXFileReference; lastKnownFileType = text.plist.xml; path = Info.plist; sourceTree = "<group>"; };
		9E33EB791FD710AC00FE3DBD /* WeatherAppTests.xctest */ = {isa = PBXFileReference; explicitFileType = wrapper.cfbundle; includeInIndex = 0; path = WeatherAppTests.xctest; sourceTree = BUILT_PRODUCTS_DIR; };
		9E33EB7D1FD710AC00FE3DBD /* WeatherAppTests.swift */ = {isa = PBXFileReference; lastKnownFileType = sourcecode.swift; path = WeatherAppTests.swift; sourceTree = "<group>"; };
		9E33EB7F1FD710AC00FE3DBD /* Info.plist */ = {isa = PBXFileReference; lastKnownFileType = text.plist.xml; path = Info.plist; sourceTree = "<group>"; };
		9E33EB841FD710AC00FE3DBD /* WeatherAppUITests.xctest */ = {isa = PBXFileReference; explicitFileType = wrapper.cfbundle; includeInIndex = 0; path = WeatherAppUITests.xctest; sourceTree = BUILT_PRODUCTS_DIR; };
		9E33EB881FD710AC00FE3DBD /* WeatherAppUITests.swift */ = {isa = PBXFileReference; lastKnownFileType = sourcecode.swift; path = WeatherAppUITests.swift; sourceTree = "<group>"; };
		9E33EB8A1FD710AD00FE3DBD /* Info.plist */ = {isa = PBXFileReference; lastKnownFileType = text.plist.xml; path = Info.plist; sourceTree = "<group>"; };
		9E33EB971FD7158400FE3DBD /* UserLocation.swift */ = {isa = PBXFileReference; lastKnownFileType = sourcecode.swift; path = UserLocation.swift; sourceTree = "<group>"; };
		9E33EB9B1FD718AD00FE3DBD /* Constants.swift */ = {isa = PBXFileReference; lastKnownFileType = sourcecode.swift; path = Constants.swift; sourceTree = "<group>"; };
		9E33EB9E1FD7270F00FE3DBD /* Tempertaure.swift */ = {isa = PBXFileReference; lastKnownFileType = sourcecode.swift; path = Tempertaure.swift; sourceTree = "<group>"; };
/* End PBXFileReference section */

/* Begin PBXFrameworksBuildPhase section */
		9E33EB621FD710AC00FE3DBD /* Frameworks */ = {
			isa = PBXFrameworksBuildPhase;
			buildActionMask = 2147483647;
			files = (
				561467C176174FC209F57910 /* Pods_WeatherApp.framework in Frameworks */,
			);
			runOnlyForDeploymentPostprocessing = 0;
		};
		9E33EB761FD710AC00FE3DBD /* Frameworks */ = {
			isa = PBXFrameworksBuildPhase;
			buildActionMask = 2147483647;
			files = (
			);
			runOnlyForDeploymentPostprocessing = 0;
		};
		9E33EB811FD710AC00FE3DBD /* Frameworks */ = {
			isa = PBXFrameworksBuildPhase;
			buildActionMask = 2147483647;
			files = (
			);
			runOnlyForDeploymentPostprocessing = 0;
		};
/* End PBXFrameworksBuildPhase section */

/* Begin PBXGroup section */
		9E33EB5C1FD710AC00FE3DBD = {
			isa = PBXGroup;
			children = (
				9E33EB671FD710AC00FE3DBD /* WeatherApp */,
				9E33EB7C1FD710AC00FE3DBD /* WeatherAppTests */,
				9E33EB871FD710AC00FE3DBD /* WeatherAppUITests */,
				9E33EB661FD710AC00FE3DBD /* Products */,
				A862D7C49406D03F33B76E61 /* Pods */,
				EED8D4CA14771F27F6C1D175 /* Frameworks */,
			);
			sourceTree = "<group>";
		};
		9E33EB661FD710AC00FE3DBD /* Products */ = {
			isa = PBXGroup;
			children = (
				9E33EB651FD710AC00FE3DBD /* WeatherApp.app */,
				9E33EB791FD710AC00FE3DBD /* WeatherAppTests.xctest */,
				9E33EB841FD710AC00FE3DBD /* WeatherAppUITests.xctest */,
			);
			name = Products;
			sourceTree = "<group>";
		};
		9E33EB671FD710AC00FE3DBD /* WeatherApp */ = {
			isa = PBXGroup;
			children = (
				9E33EB9D1FD726F900FE3DBD /* Model */,
				9E33EB9A1FD7185000FE3DBD /* Constants */,
				9E33EB961FD7157900FE3DBD /* Services */,
				9E33EB991FD715E900FE3DBD /* Controllers */,
				9E33EB6C1FD710AC00FE3DBD /* Main.storyboard */,
				9E33EB681FD710AC00FE3DBD /* AppDelegate.swift */,
				9E33EB6F1FD710AC00FE3DBD /* Assets.xcassets */,
				9E33EB711FD710AC00FE3DBD /* LaunchScreen.storyboard */,
				9E33EB741FD710AC00FE3DBD /* Info.plist */,
			);
			path = WeatherApp;
			sourceTree = "<group>";
		};
		9E33EB7C1FD710AC00FE3DBD /* WeatherAppTests */ = {
			isa = PBXGroup;
			children = (
				9E33EB7D1FD710AC00FE3DBD /* WeatherAppTests.swift */,
				9E33EB7F1FD710AC00FE3DBD /* Info.plist */,
			);
			path = WeatherAppTests;
			sourceTree = "<group>";
		};
		9E33EB871FD710AC00FE3DBD /* WeatherAppUITests */ = {
			isa = PBXGroup;
			children = (
				9E33EB881FD710AC00FE3DBD /* WeatherAppUITests.swift */,
				9E33EB8A1FD710AD00FE3DBD /* Info.plist */,
			);
			path = WeatherAppUITests;
			sourceTree = "<group>";
		};
		9E33EB961FD7157900FE3DBD /* Services */ = {
			isa = PBXGroup;
			children = (
				9E33EB971FD7158400FE3DBD /* UserLocation.swift */,
			);
			path = Services;
			sourceTree = "<group>";
		};
		9E33EB991FD715E900FE3DBD /* Controllers */ = {
			isa = PBXGroup;
			children = (
				9E33EB6A1FD710AC00FE3DBD /* ViewController.swift */,
			);
			path = Controllers;
			sourceTree = "<group>";
		};
		9E33EB9A1FD7185000FE3DBD /* Constants */ = {
			isa = PBXGroup;
			children = (
				9E33EB9B1FD718AD00FE3DBD /* Constants.swift */,
			);
			path = Constants;
			sourceTree = "<group>";
		};
		9E33EB9D1FD726F900FE3DBD /* Model */ = {
			isa = PBXGroup;
			children = (
				9E33EB9E1FD7270F00FE3DBD /* Tempertaure.swift */,
			);
			path = Model;
			sourceTree = "<group>";
		};
		A862D7C49406D03F33B76E61 /* Pods */ = {
			isa = PBXGroup;
			children = (
				33F5DC9083E875F8A62A2374 /* Pods-WeatherApp.debug.xcconfig */,
				6CC72F24E594C6E386F2DAC6 /* Pods-WeatherApp.release.xcconfig */,
			);
			name = Pods;
			sourceTree = "<group>";
		};
		EED8D4CA14771F27F6C1D175 /* Frameworks */ = {
			isa = PBXGroup;
			children = (
				7FC63FC0BAD2B4FE0E9D1F4D /* Pods_WeatherApp.framework */,
			);
			name = Frameworks;
			sourceTree = "<group>";
		};
/* End PBXGroup section */

/* Begin PBXNativeTarget section */
		9E33EB641FD710AC00FE3DBD /* WeatherApp */ = {
			isa = PBXNativeTarget;
			buildConfigurationList = 9E33EB8D1FD710AD00FE3DBD /* Build configuration list for PBXNativeTarget "WeatherApp" */;
			buildPhases = (
				65D82B30400C1699300D43F9 /* [CP] Check Pods Manifest.lock */,
				9E33EB611FD710AC00FE3DBD /* Sources */,
				9E33EB621FD710AC00FE3DBD /* Frameworks */,
				9E33EB631FD710AC00FE3DBD /* Resources */,
				F9E138089087A39D3499F804 /* [CP] Embed Pods Frameworks */,
				98A936774793C9953EFA377C /* [CP] Copy Pods Resources */,
			);
			buildRules = (
			);
			dependencies = (
			);
			name = WeatherApp;
			productName = WeatherApp;
			productReference = 9E33EB651FD710AC00FE3DBD /* WeatherApp.app */;
			productType = "com.apple.product-type.application";
		};
		9E33EB781FD710AC00FE3DBD /* WeatherAppTests */ = {
			isa = PBXNativeTarget;
			buildConfigurationList = 9E33EB901FD710AD00FE3DBD /* Build configuration list for PBXNativeTarget "WeatherAppTests" */;
			buildPhases = (
				9E33EB751FD710AC00FE3DBD /* Sources */,
				9E33EB761FD710AC00FE3DBD /* Frameworks */,
				9E33EB771FD710AC00FE3DBD /* Resources */,
			);
			buildRules = (
			);
			dependencies = (
				9E33EB7B1FD710AC00FE3DBD /* PBXTargetDependency */,
			);
			name = WeatherAppTests;
			productName = WeatherAppTests;
			productReference = 9E33EB791FD710AC00FE3DBD /* WeatherAppTests.xctest */;
			productType = "com.apple.product-type.bundle.unit-test";
		};
		9E33EB831FD710AC00FE3DBD /* WeatherAppUITests */ = {
			isa = PBXNativeTarget;
			buildConfigurationList = 9E33EB931FD710AD00FE3DBD /* Build configuration list for PBXNativeTarget "WeatherAppUITests" */;
			buildPhases = (
				9E33EB801FD710AC00FE3DBD /* Sources */,
				9E33EB811FD710AC00FE3DBD /* Frameworks */,
				9E33EB821FD710AC00FE3DBD /* Resources */,
			);
			buildRules = (
			);
			dependencies = (
				9E33EB861FD710AC00FE3DBD /* PBXTargetDependency */,
			);
			name = WeatherAppUITests;
			productName = WeatherAppUITests;
			productReference = 9E33EB841FD710AC00FE3DBD /* WeatherAppUITests.xctest */;
			productType = "com.apple.product-type.bundle.ui-testing";
		};
/* End PBXNativeTarget section */

/* Begin PBXProject section */
		9E33EB5D1FD710AC00FE3DBD /* Project object */ = {
			isa = PBXProject;
			attributes = {
				LastSwiftUpdateCheck = 0910;
				LastUpgradeCheck = 0910;
				ORGANIZATIONNAME = "vamsi krishna reddy kamjula";
				TargetAttributes = {
					9E33EB641FD710AC00FE3DBD = {
						CreatedOnToolsVersion = 9.1;
						ProvisioningStyle = Automatic;
					};
					9E33EB781FD710AC00FE3DBD = {
						CreatedOnToolsVersion = 9.1;
						ProvisioningStyle = Automatic;
						TestTargetID = 9E33EB641FD710AC00FE3DBD;
					};
					9E33EB831FD710AC00FE3DBD = {
						CreatedOnToolsVersion = 9.1;
						ProvisioningStyle = Automatic;
						TestTargetID = 9E33EB641FD710AC00FE3DBD;
					};
				};
			};
			buildConfigurationList = 9E33EB601FD710AC00FE3DBD /* Build configuration list for PBXProject "WeatherApp" */;
			compatibilityVersion = "Xcode 8.0";
			developmentRegion = en;
			hasScannedForEncodings = 0;
			knownRegions = (
				en,
				Base,
			);
			mainGroup = 9E33EB5C1FD710AC00FE3DBD;
			productRefGroup = 9E33EB661FD710AC00FE3DBD /* Products */;
			projectDirPath = "";
			projectRoot = "";
			targets = (
				9E33EB641FD710AC00FE3DBD /* WeatherApp */,
				9E33EB781FD710AC00FE3DBD /* WeatherAppTests */,
				9E33EB831FD710AC00FE3DBD /* WeatherAppUITests */,
			);
		};
/* End PBXProject section */

/* Begin PBXResourcesBuildPhase section */
		9E33EB631FD710AC00FE3DBD /* Resources */ = {
			isa = PBXResourcesBuildPhase;
			buildActionMask = 2147483647;
			files = (
				9E33EB731FD710AC00FE3DBD /* LaunchScreen.storyboard in Resources */,
				9E33EB701FD710AC00FE3DBD /* Assets.xcassets in Resources */,
				9E33EB6E1FD710AC00FE3DBD /* Main.storyboard in Resources */,
			);
			runOnlyForDeploymentPostprocessing = 0;
		};
		9E33EB771FD710AC00FE3DBD /* Resources */ = {
			isa = PBXResourcesBuildPhase;
			buildActionMask = 2147483647;
			files = (
			);
			runOnlyForDeploymentPostprocessing = 0;
		};
		9E33EB821FD710AC00FE3DBD /* Resources */ = {
			isa = PBXResourcesBuildPhase;
			buildActionMask = 2147483647;
			files = (
			);
			runOnlyForDeploymentPostprocessing = 0;
		};
/* End PBXResourcesBuildPhase section */

/* Begin PBXShellScriptBuildPhase section */
		65D82B30400C1699300D43F9 /* [CP] Check Pods Manifest.lock */ = {
			isa = PBXShellScriptBuildPhase;
			buildActionMask = 2147483647;
			files = (
			);
			inputPaths = (
				"${PODS_PODFILE_DIR_PATH}/Podfile.lock",
				"${PODS_ROOT}/Manifest.lock",
			);
			name = "[CP] Check Pods Manifest.lock";
			outputPaths = (
				"$(DERIVED_FILE_DIR)/Pods-WeatherApp-checkManifestLockResult.txt",
			);
			runOnlyForDeploymentPostprocessing = 0;
			shellPath = /bin/sh;
			shellScript = "diff \"${PODS_PODFILE_DIR_PATH}/Podfile.lock\" \"${PODS_ROOT}/Manifest.lock\" > /dev/null\nif [ $? != 0 ] ; then\n    # print error to STDERR\n    echo \"error: The sandbox is not in sync with the Podfile.lock. Run 'pod install' or update your CocoaPods installation.\" >&2\n    exit 1\nfi\n# This output is used by Xcode 'outputs' to avoid re-running this script phase.\necho \"SUCCESS\" > \"${SCRIPT_OUTPUT_FILE_0}\"\n";
			showEnvVarsInLog = 0;
		};
		98A936774793C9953EFA377C /* [CP] Copy Pods Resources */ = {
			isa = PBXShellScriptBuildPhase;
			buildActionMask = 2147483647;
			files = (
			);
			inputPaths = (
			);
			name = "[CP] Copy Pods Resources";
			outputPaths = (
			);
			runOnlyForDeploymentPostprocessing = 0;
			shellPath = /bin/sh;
			shellScript = "\"${SRCROOT}/Pods/Target Support Files/Pods-WeatherApp/Pods-WeatherApp-resources.sh\"\n";
			showEnvVarsInLog = 0;
		};
		F9E138089087A39D3499F804 /* [CP] Embed Pods Frameworks */ = {
			isa = PBXShellScriptBuildPhase;
			buildActionMask = 2147483647;
			files = (
			);
			inputPaths = (
				"${SRCROOT}/Pods/Target Support Files/Pods-WeatherApp/Pods-WeatherApp-frameworks.sh",
				"${BUILT_PRODUCTS_DIR}/Alamofire/Alamofire.framework",
				"${BUILT_PRODUCTS_DIR}/Realm/Realm.framework",
				"${BUILT_PRODUCTS_DIR}/RealmSwift/RealmSwift.framework",
				"${BUILT_PRODUCTS_DIR}/SwiftyJSON/SwiftyJSON.framework",
			);
			name = "[CP] Embed Pods Frameworks";
			outputPaths = (
				"${TARGET_BUILD_DIR}/${FRAMEWORKS_FOLDER_PATH}/Alamofire.framework",
				"${TARGET_BUILD_DIR}/${FRAMEWORKS_FOLDER_PATH}/Realm.framework",
				"${TARGET_BUILD_DIR}/${FRAMEWORKS_FOLDER_PATH}/RealmSwift.framework",
				"${TARGET_BUILD_DIR}/${FRAMEWORKS_FOLDER_PATH}/SwiftyJSON.framework",
			);
			runOnlyForDeploymentPostprocessing = 0;
			shellPath = /bin/sh;
			shellScript = "\"${SRCROOT}/Pods/Target Support Files/Pods-WeatherApp/Pods-WeatherApp-frameworks.sh\"\n";
			showEnvVarsInLog = 0;
		};
/* End PBXShellScriptBuildPhase section */

/* Begin PBXSourcesBuildPhase section */
		9E33EB611FD710AC00FE3DBD /* Sources */ = {
			isa = PBXSourcesBuildPhase;
			buildActionMask = 2147483647;
			files = (
				9E33EB981FD7158400FE3DBD /* UserLocation.swift in Sources */,
				9E33EB6B1FD710AC00FE3DBD /* ViewController.swift in Sources */,
				9E33EB9F1FD7270F00FE3DBD /* Tempertaure.swift in Sources */,
				9E33EB691FD710AC00FE3DBD /* AppDelegate.swift in Sources */,
				9E33EB9C1FD718AD00FE3DBD /* Constants.swift in Sources */,
			);
			runOnlyForDeploymentPostprocessing = 0;
		};
		9E33EB751FD710AC00FE3DBD /* Sources */ = {
			isa = PBXSourcesBuildPhase;
			buildActionMask = 2147483647;
			files = (
				9E33EB7E1FD710AC00FE3DBD /* WeatherAppTests.swift in Sources */,
			);
			runOnlyForDeploymentPostprocessing = 0;
		};
		9E33EB801FD710AC00FE3DBD /* Sources */ = {
			isa = PBXSourcesBuildPhase;
			buildActionMask = 2147483647;
			files = (
				9E33EB891FD710AC00FE3DBD /* WeatherAppUITests.swift in Sources */,
			);
			runOnlyForDeploymentPostprocessing = 0;
		};
/* End PBXSourcesBuildPhase section */

/* Begin PBXTargetDependency section */
		9E33EB7B1FD710AC00FE3DBD /* PBXTargetDependency */ = {
			isa = PBXTargetDependency;
			target = 9E33EB641FD710AC00FE3DBD /* WeatherApp */;
			targetProxy = 9E33EB7A1FD710AC00FE3DBD /* PBXContainerItemProxy */;
		};
		9E33EB861FD710AC00FE3DBD /* PBXTargetDependency */ = {
			isa = PBXTargetDependency;
			target = 9E33EB641FD710AC00FE3DBD /* WeatherApp */;
			targetProxy = 9E33EB851FD710AC00FE3DBD /* PBXContainerItemProxy */;
		};
/* End PBXTargetDependency section */

/* Begin PBXVariantGroup section */
		9E33EB6C1FD710AC00FE3DBD /* Main.storyboard */ = {
			isa = PBXVariantGroup;
			children = (
				9E33EB6D1FD710AC00FE3DBD /* Base */,
			);
			name = Main.storyboard;
			sourceTree = "<group>";
		};
		9E33EB711FD710AC00FE3DBD /* LaunchScreen.storyboard */ = {
			isa = PBXVariantGroup;
			children = (
				9E33EB721FD710AC00FE3DBD /* Base */,
			);
			name = LaunchScreen.storyboard;
			sourceTree = "<group>";
		};
/* End PBXVariantGroup section */

/* Begin XCBuildConfiguration section */
		9E33EB8B1FD710AD00FE3DBD /* Debug */ = {
			isa = XCBuildConfiguration;
			buildSettings = {
				ALWAYS_SEARCH_USER_PATHS = NO;
				CLANG_ANALYZER_NONNULL = YES;
				CLANG_ANALYZER_NUMBER_OBJECT_CONVERSION = YES_AGGRESSIVE;
				CLANG_CXX_LANGUAGE_STANDARD = "gnu++14";
				CLANG_CXX_LIBRARY = "libc++";
				CLANG_ENABLE_MODULES = YES;
				CLANG_ENABLE_OBJC_ARC = YES;
				CLANG_WARN_BLOCK_CAPTURE_AUTORELEASING = YES;
				CLANG_WARN_BOOL_CONVERSION = YES;
				CLANG_WARN_COMMA = YES;
				CLANG_WARN_CONSTANT_CONVERSION = YES;
				CLANG_WARN_DIRECT_OBJC_ISA_USAGE = YES_ERROR;
				CLANG_WARN_DOCUMENTATION_COMMENTS = YES;
				CLANG_WARN_EMPTY_BODY = YES;
				CLANG_WARN_ENUM_CONVERSION = YES;
				CLANG_WARN_INFINITE_RECURSION = YES;
				CLANG_WARN_INT_CONVERSION = YES;
				CLANG_WARN_NON_LITERAL_NULL_CONVERSION = YES;
				CLANG_WARN_OBJC_LITERAL_CONVERSION = YES;
				CLANG_WARN_OBJC_ROOT_CLASS = YES_ERROR;
				CLANG_WARN_RANGE_LOOP_ANALYSIS = YES;
				CLANG_WARN_STRICT_PROTOTYPES = YES;
				CLANG_WARN_SUSPICIOUS_MOVE = YES;
				CLANG_WARN_UNGUARDED_AVAILABILITY = YES_AGGRESSIVE;
				CLANG_WARN_UNREACHABLE_CODE = YES;
				CLANG_WARN__DUPLICATE_METHOD_MATCH = YES;
				CODE_SIGN_IDENTITY = "iPhone Developer";
				COPY_PHASE_STRIP = NO;
				DEBUG_INFORMATION_FORMAT = dwarf;
				ENABLE_STRICT_OBJC_MSGSEND = YES;
				ENABLE_TESTABILITY = YES;
				GCC_C_LANGUAGE_STANDARD = gnu11;
				GCC_DYNAMIC_NO_PIC = NO;
				GCC_NO_COMMON_BLOCKS = YES;
				GCC_OPTIMIZATION_LEVEL = 0;
				GCC_PREPROCESSOR_DEFINITIONS = (
					"DEBUG=1",
					"$(inherited)",
				);
				GCC_WARN_64_TO_32_BIT_CONVERSION = YES;
				GCC_WARN_ABOUT_RETURN_TYPE = YES_ERROR;
				GCC_WARN_UNDECLARED_SELECTOR = YES;
				GCC_WARN_UNINITIALIZED_AUTOS = YES_AGGRESSIVE;
				GCC_WARN_UNUSED_FUNCTION = YES;
				GCC_WARN_UNUSED_VARIABLE = YES;
				IPHONEOS_DEPLOYMENT_TARGET = 11.1;
				MTL_ENABLE_DEBUG_INFO = YES;
				ONLY_ACTIVE_ARCH = YES;
				SDKROOT = iphoneos;
				SWIFT_ACTIVE_COMPILATION_CONDITIONS = DEBUG;
				SWIFT_OPTIMIZATION_LEVEL = "-Onone";
			};
			name = Debug;
		};
		9E33EB8C1FD710AD00FE3DBD /* Release */ = {
			isa = XCBuildConfiguration;
			buildSettings = {
				ALWAYS_SEARCH_USER_PATHS = NO;
				CLANG_ANALYZER_NONNULL = YES;
				CLANG_ANALYZER_NUMBER_OBJECT_CONVERSION = YES_AGGRESSIVE;
				CLANG_CXX_LANGUAGE_STANDARD = "gnu++14";
				CLANG_CXX_LIBRARY = "libc++";
				CLANG_ENABLE_MODULES = YES;
				CLANG_ENABLE_OBJC_ARC = YES;
				CLANG_WARN_BLOCK_CAPTURE_AUTORELEASING = YES;
				CLANG_WARN_BOOL_CONVERSION = YES;
				CLANG_WARN_COMMA = YES;
				CLANG_WARN_CONSTANT_CONVERSION = YES;
				CLANG_WARN_DIRECT_OBJC_ISA_USAGE = YES_ERROR;
				CLANG_WARN_DOCUMENTATION_COMMENTS = YES;
				CLANG_WARN_EMPTY_BODY = YES;
				CLANG_WARN_ENUM_CONVERSION = YES;
				CLANG_WARN_INFINITE_RECURSION = YES;
				CLANG_WARN_INT_CONVERSION = YES;
				CLANG_WARN_NON_LITERAL_NULL_CONVERSION = YES;
				CLANG_WARN_OBJC_LITERAL_CONVERSION = YES;
				CLANG_WARN_OBJC_ROOT_CLASS = YES_ERROR;
				CLANG_WARN_RANGE_LOOP_ANALYSIS = YES;
				CLANG_WARN_STRICT_PROTOTYPES = YES;
				CLANG_WARN_SUSPICIOUS_MOVE = YES;
				CLANG_WARN_UNGUARDED_AVAILABILITY = YES_AGGRESSIVE;
				CLANG_WARN_UNREACHABLE_CODE = YES;
				CLANG_WARN__DUPLICATE_METHOD_MATCH = YES;
				CODE_SIGN_IDENTITY = "iPhone Developer";
				COPY_PHASE_STRIP = NO;
				DEBUG_INFORMATION_FORMAT = "dwarf-with-dsym";
				ENABLE_NS_ASSERTIONS = NO;
				ENABLE_STRICT_OBJC_MSGSEND = YES;
				GCC_C_LANGUAGE_STANDARD = gnu11;
				GCC_NO_COMMON_BLOCKS = YES;
				GCC_WARN_64_TO_32_BIT_CONVERSION = YES;
				GCC_WARN_ABOUT_RETURN_TYPE = YES_ERROR;
				GCC_WARN_UNDECLARED_SELECTOR = YES;
				GCC_WARN_UNINITIALIZED_AUTOS = YES_AGGRESSIVE;
				GCC_WARN_UNUSED_FUNCTION = YES;
				GCC_WARN_UNUSED_VARIABLE = YES;
				IPHONEOS_DEPLOYMENT_TARGET = 11.1;
				MTL_ENABLE_DEBUG_INFO = NO;
				SDKROOT = iphoneos;
				SWIFT_OPTIMIZATION_LEVEL = "-Owholemodule";
				VALIDATE_PRODUCT = YES;
			};
			name = Release;
		};
		9E33EB8E1FD710AD00FE3DBD /* Debug */ = {
			isa = XCBuildConfiguration;
			baseConfigurationReference = 33F5DC9083E875F8A62A2374 /* Pods-WeatherApp.debug.xcconfig */;
			buildSettings = {
				ASSETCATALOG_COMPILER_APPICON_NAME = AppIcon;
				CODE_SIGN_STYLE = Automatic;
				DEVELOPMENT_TEAM = ZELVJRAH4Y;
				INFOPLIST_FILE = WeatherApp/Info.plist;
				LD_RUNPATH_SEARCH_PATHS = "$(inherited) @executable_path/Frameworks";
				PRODUCT_BUNDLE_IDENTIFIER = com.applicationDevelopment.WeatherApp;
				PRODUCT_NAME = "$(TARGET_NAME)";
				SWIFT_VERSION = 4.0;
				TARGETED_DEVICE_FAMILY = "1,2";
			};
			name = Debug;
		};
		9E33EB8F1FD710AD00FE3DBD /* Release */ = {
			isa = XCBuildConfiguration;
			baseConfigurationReference = 6CC72F24E594C6E386F2DAC6 /* Pods-WeatherApp.release.xcconfig */;
			buildSettings = {
				ASSETCATALOG_COMPILER_APPICON_NAME = AppIcon;
				CODE_SIGN_STYLE = Automatic;
				DEVELOPMENT_TEAM = ZELVJRAH4Y;
				INFOPLIST_FILE = WeatherApp/Info.plist;
				LD_RUNPATH_SEARCH_PATHS = "$(inherited) @executable_path/Frameworks";
				PRODUCT_BUNDLE_IDENTIFIER = com.applicationDevelopment.WeatherApp;
				PRODUCT_NAME = "$(TARGET_NAME)";
				SWIFT_VERSION = 4.0;
				TARGETED_DEVICE_FAMILY = "1,2";
			};
			name = Release;
		};
		9E33EB911FD710AD00FE3DBD /* Debug */ = {
			isa = XCBuildConfiguration;
			buildSettings = {
				ALWAYS_EMBED_SWIFT_STANDARD_LIBRARIES = YES;
				BUNDLE_LOADER = "$(TEST_HOST)";
				CODE_SIGN_STYLE = Automatic;
				INFOPLIST_FILE = WeatherAppTests/Info.plist;
				LD_RUNPATH_SEARCH_PATHS = "$(inherited) @executable_path/Frameworks @loader_path/Frameworks";
				PRODUCT_BUNDLE_IDENTIFIER = com.applicationDevelopment.WeatherAppTests;
				PRODUCT_NAME = "$(TARGET_NAME)";
				SWIFT_VERSION = 4.0;
				TARGETED_DEVICE_FAMILY = "1,2";
				TEST_HOST = "$(BUILT_PRODUCTS_DIR)/WeatherApp.app/WeatherApp";
			};
			name = Debug;
		};
		9E33EB921FD710AD00FE3DBD /* Release */ = {
			isa = XCBuildConfiguration;
			buildSettings = {
				ALWAYS_EMBED_SWIFT_STANDARD_LIBRARIES = YES;
				BUNDLE_LOADER = "$(TEST_HOST)";
				CODE_SIGN_STYLE = Automatic;
				INFOPLIST_FILE = WeatherAppTests/Info.plist;
				LD_RUNPATH_SEARCH_PATHS = "$(inherited) @executable_path/Frameworks @loader_path/Frameworks";
				PRODUCT_BUNDLE_IDENTIFIER = com.applicationDevelopment.WeatherAppTests;
				PRODUCT_NAME = "$(TARGET_NAME)";
				SWIFT_VERSION = 4.0;
				TARGETED_DEVICE_FAMILY = "1,2";
				TEST_HOST = "$(BUILT_PRODUCTS_DIR)/WeatherApp.app/WeatherApp";
			};
			name = Release;
		};
		9E33EB941FD710AD00FE3DBD /* Debug */ = {
			isa = XCBuildConfiguration;
			buildSettings = {
				ALWAYS_EMBED_SWIFT_STANDARD_LIBRARIES = YES;
				CODE_SIGN_STYLE = Automatic;
				INFOPLIST_FILE = WeatherAppUITests/Info.plist;
				LD_RUNPATH_SEARCH_PATHS = "$(inherited) @executable_path/Frameworks @loader_path/Frameworks";
				PRODUCT_BUNDLE_IDENTIFIER = com.applicationDevelopment.WeatherAppUITests;
				PRODUCT_NAME = "$(TARGET_NAME)";
				SWIFT_VERSION = 4.0;
				TARGETED_DEVICE_FAMILY = "1,2";
				TEST_TARGET_NAME = WeatherApp;
			};
			name = Debug;
		};
		9E33EB951FD710AD00FE3DBD /* Release */ = {
			isa = XCBuildConfiguration;
			buildSettings = {
				ALWAYS_EMBED_SWIFT_STANDARD_LIBRARIES = YES;
				CODE_SIGN_STYLE = Automatic;
				INFOPLIST_FILE = WeatherAppUITests/Info.plist;
				LD_RUNPATH_SEARCH_PATHS = "$(inherited) @executable_path/Frameworks @loader_path/Frameworks";
				PRODUCT_BUNDLE_IDENTIFIER = com.applicationDevelopment.WeatherAppUITests;
				PRODUCT_NAME = "$(TARGET_NAME)";
				SWIFT_VERSION = 4.0;
				TARGETED_DEVICE_FAMILY = "1,2";
				TEST_TARGET_NAME = WeatherApp;
			};
			name = Release;
		};
/* End XCBuildConfiguration section */

/* Begin XCConfigurationList section */
		9E33EB601FD710AC00FE3DBD /* Build configuration list for PBXProject "WeatherApp" */ = {
			isa = XCConfigurationList;
			buildConfigurations = (
				9E33EB8B1FD710AD00FE3DBD /* Debug */,
				9E33EB8C1FD710AD00FE3DBD /* Release */,
			);
			defaultConfigurationIsVisible = 0;
			defaultConfigurationName = Release;
		};
		9E33EB8D1FD710AD00FE3DBD /* Build configuration list for PBXNativeTarget "WeatherApp" */ = {
			isa = XCConfigurationList;
			buildConfigurations = (
				9E33EB8E1FD710AD00FE3DBD /* Debug */,
				9E33EB8F1FD710AD00FE3DBD /* Release */,
			);
			defaultConfigurationIsVisible = 0;
			defaultConfigurationName = Release;
		};
		9E33EB901FD710AD00FE3DBD /* Build configuration list for PBXNativeTarget "WeatherAppTests" */ = {
			isa = XCConfigurationList;
			buildConfigurations = (
				9E33EB911FD710AD00FE3DBD /* Debug */,
				9E33EB921FD710AD00FE3DBD /* Release */,
			);
			defaultConfigurationIsVisible = 0;
			defaultConfigurationName = Release;
		};
		9E33EB931FD710AD00FE3DBD /* Build configuration list for PBXNativeTarget "WeatherAppUITests" */ = {
			isa = XCConfigurationList;
			buildConfigurations = (
				9E33EB941FD710AD00FE3DBD /* Debug */,
				9E33EB951FD710AD00FE3DBD /* Release */,
			);
			defaultConfigurationIsVisible = 0;
			defaultConfigurationName = Release;
		};
/* End XCConfigurationList section */
	};
	rootObject = 9E33EB5D1FD710AC00FE3DBD /* Project object */;
}
